<?xml version="1.0" encoding="utf-8"?>
<Project ToolsVersion="4.0" xmlns="http://schemas.microsoft.com/developer/msbuild/2003">
  <ItemGroup>
    <Filter Include="Source Files">
      <UniqueIdentifier>{4FC737F1-C7A5-4376-A066-2A32D752A2FF}</UniqueIdentifier>
      <Extensions>cpp;c;cc;cxx;def;odl;idl;hpj;bat;asm;asmx</Extensions>
    </Filter>
    <Filter Include="Resource Files">
      <UniqueIdentifier>{67DA6AB6-F800-4c08-8B7A-83BB121AAD01}</UniqueIdentifier>
      <Extensions>rc;ico;cur;bmp;dlg;rc2;rct;bin;rgs;gif;jpg;jpeg;jpe;resx;tiff;tif;png;wav;mfcribbon-ms</Extensions>
    </Filter>
    <Filter Include="Data_Struacture">
      <UniqueIdentifier>{93995380-89BD-4b04-88EB-625FBE52EBFB}</UniqueIdentifier>
      <Extensions>h;hpp;hxx;hm;inl;inc;xsd</Extensions>
    </Filter>
    <Filter Include="Data_Struacture\2D_Structure">
      <UniqueIdentifier>{99a2a9be-d57a-48bb-9a9d-88cb701748fc}</UniqueIdentifier>
    </Filter>
    <Filter Include="Data_Struacture\FrameWork">
      <UniqueIdentifier>{45bc0cbc-8ab2-4e3c-9c94-d1ab83167931}</UniqueIdentifier>
    </Filter>
    <Filter Include="Data_Struacture\Math">
      <UniqueIdentifier>{12d1d6f0-4075-429c-970f-9e25dcc0cf56}</UniqueIdentifier>
    </Filter>
    <Filter Include="Dynamics">
      <UniqueIdentifier>{035482b6-951f-4d0a-91e8-a0fddfd31543}</UniqueIdentifier>
    </Filter>
    <Filter Include="Dynamics\Fluid_Dynamics">
      <UniqueIdentifier>{1dd202ff-694c-4af6-baad-e7b6f11043fe}</UniqueIdentifier>
    </Filter>
    <Filter Include="Dynamics\Fluid_Dynamics\Poisson_Solver">
      <UniqueIdentifier>{0d90428a-09f8-4794-9eb4-361940f03415}</UniqueIdentifier>
    </Filter>
    <Filter Include="Dynamics\Fluid_Dynamics\Poisson_Solver\Linear_Solver">
      <UniqueIdentifier>{1fca6503-ac99-4476-ae01-844aba92a974}</UniqueIdentifier>
    </Filter>
  </ItemGroup>
  <ItemGroup>
    <ClInclude Include="VECTOR_2D.h">
      <Filter>Data_Struacture\2D_Structure</Filter>
    </ClInclude>
    <ClInclude Include="COMMON_DEFINITION.h">
      <Filter>Data_Struacture\FrameWork</Filter>
    </ClInclude>
    <ClInclude Include="GRID_STRUCTURE_2D.h">
      <Filter>Data_Struacture\2D_Structure</Filter>
    </ClInclude>
    <ClInclude Include="MACROS.h">
      <Filter>Data_Struacture\FrameWork</Filter>
    </ClInclude>
    <ClInclude Include="FIELD_STRUCTURE_2D.h">
      <Filter>Data_Struacture\2D_Structure</Filter>
    </ClInclude>
    <ClInclude Include="ARRAY.h">
      <Filter>Data_Struacture</Filter>
    </ClInclude>
    <ClInclude Include="ARRAY_2D.h">
      <Filter>Data_Struacture\2D_Structure</Filter>
    </ClInclude>
    <ClInclude Include="DYNAMIC_ARRAY.h">
      <Filter>Data_Struacture</Filter>
    </ClInclude>
    <ClInclude Include="LEVELSET_2D.h">
      <Filter>Data_Struacture\Math</Filter>
    </ClInclude>
    <ClInclude Include="ADVECTION_METHOD_2D.h">
      <Filter>Dynamics\Fluid_Dynamics</Filter>
    </ClInclude>
    <ClInclude Include="ADVECTION_2D.h">
      <Filter>Dynamics\Fluid_Dynamics</Filter>
    </ClInclude>
    <ClInclude Include="LINEAR_SOLVER.h">
      <Filter>Dynamics\Fluid_Dynamics\Poisson_Solver\Linear_Solver</Filter>
    </ClInclude>
    <ClInclude Include="VECTOR_ND.h">
      <Filter>Data_Struacture</Filter>
    </ClInclude>
    <ClInclude Include="CSR_MATRIX.h">
      <Filter>Data_Struacture</Filter>
    </ClInclude>
    <ClInclude Include="CG_METHOD.h">
      <Filter>Dynamics\Fluid_Dynamics\Poisson_Solver\Linear_Solver</Filter>
    </ClInclude>
    <ClInclude Include="POISSON_SOLVER_2D.h">
      <Filter>Dynamics\Fluid_Dynamics\Poisson_Solver</Filter>
    </ClInclude>
    <ClInclude Include="PROJECTION_2D.h">
      <Filter>Dynamics\Fluid_Dynamics</Filter>
    </ClInclude>
    <ClInclude Include="SCRIPT_READER.h">
      <Filter>Data_Struacture</Filter>
    </ClInclude>
    <ClInclude Include="EULERIAN_FLUID_SOLVER_2D.h">
      <Filter>Dynamics\Fluid_Dynamics</Filter>
    </ClInclude>
    <ClInclude Include="SIMULATION_WORLD.h">
      <Filter>Data_Struacture\FrameWork</Filter>
    </ClInclude>
    <ClInclude Include="WORLD_DISCRETIZATION_2D.h">
      <Filter>Data_Struacture\FrameWork</Filter>
    </ClInclude>
    <ClInclude Include="SIMULATION_MANAGER.h">
      <Filter>Data_Struacture</Filter>
    </ClInclude>
    <ClInclude Include="PROJECT_INFO.h">
      <Filter>Data_Struacture</Filter>
    </ClInclude>
    <ClInclude Include="PCG_METHOD.h">
      <Filter>Dynamics\Fluid_Dynamics\Poisson_Solver\Linear_Solver</Filter>
    </ClInclude>
    <ClInclude Include="VISCOSITY_2D.h">
      <Filter>Dynamics\Fluid_Dynamics</Filter>
    </ClInclude>
    <ClInclude Include="MATRIX_2X2.h">
      <Filter>Data_Struacture\Math</Filter>
    </ClInclude>
    <ClInclude Include="MULTITHREADING.h">
      <Filter>Data_Struacture</Filter>
    </ClInclude>
  </ItemGroup>
  <ItemGroup>
    <ClCompile Include="VECTOR_2D.cpp">
      <Filter>Data_Struacture\2D_Structure</Filter>
    </ClCompile>
    <ClCompile Include="GRID_STRUCTURE_2D.cpp">
      <Filter>Data_Struacture\2D_Structure</Filter>
    </ClCompile>
    <ClCompile Include="ARRAY.cpp">
      <Filter>Data_Struacture</Filter>
    </ClCompile>
    <ClCompile Include="ARRAY_2D.cpp">
      <Filter>Data_Struacture\2D_Structure</Filter>
    </ClCompile>
    <ClCompile Include="FIELD_STRUCTURE_2D.cpp">
      <Filter>Data_Struacture\2D_Structure</Filter>
    </ClCompile>
    <ClCompile Include="DYNAMIC_ARRAY.cpp">
      <Filter>Data_Struacture</Filter>
    </ClCompile>
    <ClCompile Include="LEVELSET_2D.cpp">
      <Filter>Data_Struacture\Math</Filter>
    </ClCompile>
    <ClCompile Include="ADVECTION_METHOD_2D.cpp">
      <Filter>Dynamics\Fluid_Dynamics</Filter>
    </ClCompile>
    <ClCompile Include="ADVECTION_2D.cpp">
      <Filter>Dynamics\Fluid_Dynamics</Filter>
    </ClCompile>
    <ClCompile Include="VECTOR_ND.cpp">
      <Filter>Data_Struacture</Filter>
    </ClCompile>
    <ClCompile Include="CSR_MATRIX.cpp">
      <Filter>Data_Struacture</Filter>
    </ClCompile>
    <ClCompile Include="LINEAR_SOLVER.cpp">
      <Filter>Dynamics\Fluid_Dynamics\Poisson_Solver\Linear_Solver</Filter>
    </ClCompile>
    <ClCompile Include="SCRIPT_READER.cpp">
      <Filter>Data_Struacture</Filter>
    </ClCompile>
    <ClCompile Include="PROJECTION_2D.cpp">
      <Filter>Dynamics\Fluid_Dynamics</Filter>
    </ClCompile>
    <ClCompile Include="WORLD_DISCRETIZATION_2D.cpp">
      <Filter>Data_Struacture\FrameWork</Filter>
    </ClCompile>
    <ClCompile Include="SIMULATION_WORLD.cpp">
      <Filter>Data_Struacture\FrameWork</Filter>
    </ClCompile>
    <ClCompile Include="EULERIAN_FLUID_SOLVER_2D.cpp">
      <Filter>Dynamics\Fluid_Dynamics</Filter>
    </ClCompile>
    <ClCompile Include="SIMULATION_MANAGER.cpp">
      <Filter>Data_Struacture</Filter>
    </ClCompile>
    <ClCompile Include="PROJECT_INFO.cpp">
      <Filter>Data_Struacture</Filter>
    </ClCompile>
    <ClCompile Include="CG_METHOD.cpp">
      <Filter>Dynamics\Fluid_Dynamics\Poisson_Solver\Linear_Solver</Filter>
    </ClCompile>
    <ClCompile Include="POISSON_SOLVER_2D.cpp">
      <Filter>Dynamics\Fluid_Dynamics\Poisson_Solver</Filter>
    </ClCompile>
    <ClCompile Include="PCG_METHOD.cpp">
      <Filter>Dynamics\Fluid_Dynamics\Poisson_Solver\Linear_Solver</Filter>
    </ClCompile>
    <ClCompile Include="MATRIX_2X2.cpp">
      <Filter>Data_Struacture\Math</Filter>
    </ClCompile>
    <ClCompile Include="Result.cpp">
      <Filter>Source Files</Filter>
    </ClCompile>
    <ClCompile Include="VISCOSITY_2D.cpp">
      <Filter>Dynamics\Fluid_Dynamics</Filter>
    </ClCompile>
    <ClCompile Include="MULTITHREADING.cpp">
      <Filter>Data_Struacture</Filter>
    </ClCompile>
  </ItemGroup>
</Project>